
Microsoft Visual Studio Solution File, Format Version 12.00
# Visual Studio Version 17
VisualStudioVersion = 17.8.34525.116
MinimumVisualStudioVersion = 10.0.40219.1
Project("{FAE04EC0-301F-11D3-BF4B-00C04F79EFBC}") = "ResidencialComplexPayment", "ResidencialComplexPayment\ResidencialComplexPayment.csproj", "{61A5C4DA-F198-48AD-A852-54DA727D9AD5}"
EndProject
Global
	GlobalSection(SolutionConfigurationPlatforms) = preSolution
		Debug|Any CPU = Debug|Any CPU
		Release|Any CPU = Release|Any CPU
	EndGlobalSection
	GlobalSection(ProjectConfigurationPlatforms) = postSolution
		{61A5C4DA-F198-48AD-A852-54DA727D9AD5}.Debug|Any CPU.ActiveCfg = Debug|Any CPU
		{61A5C4DA-F198-48AD-A852-54DA727D9AD5}.Debug|Any CPU.Build.0 = Debug|Any CPU
		{61A5C4DA-F198-48AD-A852-54DA727D9AD5}.Release|Any CPU.ActiveCfg = Release|Any CPU
		{61A5C4DA-F198-48AD-A852-54DA727D9AD5}.Release|Any CPU.Build.0 = Release|Any CPU
	EndGlobalSection
	GlobalSection(SolutionProperties) = preSolution
		HideSolutionNode = FALSE
	EndGlobalSection
	GlobalSection(ExtensibilityGlobals) = postSolution
		SolutionGuid = {96B41D47-9DE8-4D3D-952A-B1127EBE6325}
	EndGlobalSection
EndGlobal
